Microsoft Visual Studio Solution File, Format Version 12.00
# Visual Studio Version 17
VisualStudioVersion = 17.5.2.0
MinimumVisualStudioVersion = 10.0.40219.1
Project("{FAE04EC0-301F-11D3-BF4B-00C04F79EFBC}") = "ten", "ten.csproj", "{2D7149AF-657B-C1EE-DF57-CF96E462E98A}"
EndProject
Global
	GlobalSection(SolutionConfigurationPlatforms) = preSolution
		Debug|Any CPU = Debug|Any CPU
		Release|Any CPU = Release|Any CPU
	EndGlobalSection
	GlobalSection(ProjectConfigurationPlatforms) = postSolution
		{2D7149AF-657B-C1EE-DF57-CF96E462E98A}.Debug|Any CPU.ActiveCfg = Debug|Any CPU
		{2D7149AF-657B-C1EE-DF57-CF96E462E98A}.Debug|Any CPU.Build.0 = Debug|Any CPU
		{2D7149AF-657B-C1EE-DF57-CF96E462E98A}.Release|Any CPU.ActiveCfg = Release|Any CPU
		{2D7149AF-657B-C1EE-DF57-CF96E462E98A}.Release|Any CPU.Build.0 = Release|Any CPU
	EndGlobalSection
	GlobalSection(SolutionProperties) = preSolution
		HideSolutionNode = FALSE
	EndGlobalSection
	GlobalSection(ExtensibilityGlobals) = postSolution
		SolutionGuid = {FD67044C-773D-4E56-9972-5A9256EA47F6}
	EndGlobalSection
EndGlobal
