
Microsoft Visual Studio Solution File, Format Version 12.00
# Visual Studio Version 17
VisualStudioVersion = 17.5.002.0
MinimumVisualStudioVersion = 10.0.40219.1
Project("{9A19103F-16F7-4668-BE54-9A1E7A4F7556}") = "twenty", "twenty.csproj", "{B1FFCD69-08E2-4D3D-A6CD-7DFD0C7798F2}"
EndProject
Global
	GlobalSection(SolutionConfigurationPlatforms) = preSolution
		Debug|Any CPU = Debug|Any CPU
		Release|Any CPU = Release|Any CPU
	EndGlobalSection
	GlobalSection(ProjectConfigurationPlatforms) = postSolution
		{B1FFCD69-08E2-4D3D-A6CD-7DFD0C7798F2}.Debug|Any CPU.ActiveCfg = Debug|Any CPU
		{B1FFCD69-08E2-4D3D-A6CD-7DFD0C7798F2}.Debug|Any CPU.Build.0 = Debug|Any CPU
		{B1FFCD69-08E2-4D3D-A6CD-7DFD0C7798F2}.Release|Any CPU.ActiveCfg = Release|Any CPU
		{B1FFCD69-08E2-4D3D-A6CD-7DFD0C7798F2}.Release|Any CPU.Build.0 = Release|Any CPU
	EndGlobalSection
	GlobalSection(SolutionProperties) = preSolution
		HideSolutionNode = FALSE
	EndGlobalSection
	GlobalSection(ExtensibilityGlobals) = postSolution
		SolutionGuid = {C34EE123-187D-4CEF-B36A-4C8586D5984F}
	EndGlobalSection
EndGlobal
